
Microsoft Visual Studio Solution File, Format Version 12.00
# Visual Studio Version 17
VisualStudioVersion = 17.9.34723.18
MinimumVisualStudioVersion = 10.0.40219.1
Project("{FAE04EC0-301F-11D3-BF4B-00C04F79EFBC}") = "Microblogging", "Microblogging\Microblogging.csproj", "{7330CF71-887D-4D8B-9C9D-A008E2A307B3}"
EndProject
Global
	GlobalSection(SolutionConfigurationPlatforms) = preSolution
		Debug|Any CPU = Debug|Any CPU
		Release|Any CPU = Release|Any CPU
	EndGlobalSection
	GlobalSection(ProjectConfigurationPlatforms) = postSolution
		{7330CF71-887D-4D8B-9C9D-A008E2A307B3}.Debug|Any CPU.ActiveCfg = Debug|Any CPU
		{7330CF71-887D-4D8B-9C9D-A008E2A307B3}.Debug|Any CPU.Build.0 = Debug|Any CPU
		{7330CF71-887D-4D8B-9C9D-A008E2A307B3}.Release|Any CPU.ActiveCfg = Release|Any CPU
		{7330CF71-887D-4D8B-9C9D-A008E2A307B3}.Release|Any CPU.Build.0 = Release|Any CPU
	EndGlobalSection
	GlobalSection(SolutionProperties) = preSolution
		HideSolutionNode = FALSE
	EndGlobalSection
	GlobalSection(ExtensibilityGlobals) = postSolution
		SolutionGuid = {D9DE7FEF-0FFC-40EB-8A5B-8922EF49B084}
	EndGlobalSection
EndGlobal
